
Microsoft Visual Studio Solution File, Format Version 12.00
# Visual Studio Version 17
VisualStudioVersion = 17.6.33829.357
MinimumVisualStudioVersion = 10.0.40219.1
Project("{FAE04EC0-301F-11D3-BF4B-00C04F79EFBC}") = "WpfGIF", "WpfGIF\WpfGIF.csproj", "{EAF180DB-A657-4157-93C1-9A824BB240B3}"
EndProject
Global
	GlobalSection(SolutionConfigurationPlatforms) = preSolution
		Debug|Any CPU = Debug|Any CPU
		Release|Any CPU = Release|Any CPU
	EndGlobalSection
	GlobalSection(ProjectConfigurationPlatforms) = postSolution
		{EAF180DB-A657-4157-93C1-9A824BB240B3}.Debug|Any CPU.ActiveCfg = Debug|Any CPU
		{EAF180DB-A657-4157-93C1-9A824BB240B3}.Debug|Any CPU.Build.0 = Debug|Any CPU
		{EAF180DB-A657-4157-93C1-9A824BB240B3}.Release|Any CPU.ActiveCfg = Release|Any CPU
		{EAF180DB-A657-4157-93C1-9A824BB240B3}.Release|Any CPU.Build.0 = Release|Any CPU
	EndGlobalSection
	GlobalSection(SolutionProperties) = preSolution
		HideSolutionNode = FALSE
	EndGlobalSection
	GlobalSection(ExtensibilityGlobals) = postSolution
		SolutionGuid = {684BE3BE-29BC-49CB-8EC5-499BF6906DCF}
	EndGlobalSection
EndGlobal
